
Microsoft Visual Studio Solution File, Format Version 12.00
# Visual Studio Version 16
VisualStudioVersion = 16.0.30611.23
MinimumVisualStudioVersion = 10.0.40219.1
Project("{FAE04EC0-301F-11D3-BF4B-00C04F79EFBC}") = "ConsoleApp", "ConsoleApp\ConsoleApp.csproj", "{83F2FDD6-B462-4071-AFCE-48C44CE564E9}"
EndProject
Project("{FAE04EC0-301F-11D3-BF4B-00C04F79EFBC}") = "ConsoleApp.Tests", "ConsoleApp.Tests\ConsoleApp.Tests.csproj", "{C203BCE2-CAC7-4EBF-BDDF-9A0A8BB27FF2}"
EndProject
Global
	GlobalSection(SolutionConfigurationPlatforms) = preSolution
		Debug|Any CPU = Debug|Any CPU
		Release|Any CPU = Release|Any CPU
	EndGlobalSection
	GlobalSection(ProjectConfigurationPlatforms) = postSolution
		{83F2FDD6-B462-4071-AFCE-48C44CE564E9}.Debug|Any CPU.ActiveCfg = Debug|Any CPU
		{83F2FDD6-B462-4071-AFCE-48C44CE564E9}.Debug|Any CPU.Build.0 = Debug|Any CPU
		{83F2FDD6-B462-4071-AFCE-48C44CE564E9}.Release|Any CPU.ActiveCfg = Release|Any CPU
		{83F2FDD6-B462-4071-AFCE-48C44CE564E9}.Release|Any CPU.Build.0 = Release|Any CPU
		{C203BCE2-CAC7-4EBF-BDDF-9A0A8BB27FF2}.Debug|Any CPU.ActiveCfg = Debug|Any CPU
		{C203BCE2-CAC7-4EBF-BDDF-9A0A8BB27FF2}.Debug|Any CPU.Build.0 = Debug|Any CPU
		{C203BCE2-CAC7-4EBF-BDDF-9A0A8BB27FF2}.Release|Any CPU.ActiveCfg = Release|Any CPU
		{C203BCE2-CAC7-4EBF-BDDF-9A0A8BB27FF2}.Release|Any CPU.Build.0 = Release|Any CPU
	EndGlobalSection
	GlobalSection(SolutionProperties) = preSolution
		HideSolutionNode = FALSE
	EndGlobalSection
	GlobalSection(ExtensibilityGlobals) = postSolution
		SolutionGuid = {BF85DE5F-93FF-44AD-895F-40AF58D74CF2}
	EndGlobalSection
EndGlobal
