
Microsoft Visual Studio Solution File, Format Version 12.00
# Visual Studio Version 16
VisualStudioVersion = 16.0.30611.23
MinimumVisualStudioVersion = 10.0.40219.1
Project("{FAE04EC0-301F-11D3-BF4B-00C04F79EFBC}") = "ConsoleApp", "ConsoleApp\ConsoleApp.csproj", "{89CAB676-D197-4B2E-8790-31C50BA81952}"
EndProject
Global
	GlobalSection(SolutionConfigurationPlatforms) = preSolution
		Debug|Any CPU = Debug|Any CPU
		Release|Any CPU = Release|Any CPU
	EndGlobalSection
	GlobalSection(ProjectConfigurationPlatforms) = postSolution
		{89CAB676-D197-4B2E-8790-31C50BA81952}.Debug|Any CPU.ActiveCfg = Debug|Any CPU
		{89CAB676-D197-4B2E-8790-31C50BA81952}.Debug|Any CPU.Build.0 = Debug|Any CPU
		{89CAB676-D197-4B2E-8790-31C50BA81952}.Release|Any CPU.ActiveCfg = Release|Any CPU
		{89CAB676-D197-4B2E-8790-31C50BA81952}.Release|Any CPU.Build.0 = Release|Any CPU
	EndGlobalSection
	GlobalSection(SolutionProperties) = preSolution
		HideSolutionNode = FALSE
	EndGlobalSection
	GlobalSection(ExtensibilityGlobals) = postSolution
		SolutionGuid = {BF85DE5F-93FF-44AD-895F-40AF58D74CF2}
	EndGlobalSection
EndGlobal
